
Microsoft Visual Studio Solution File, Format Version 12.00
# Visual Studio Version 16
VisualStudioVersion = 16.0.29230.47
MinimumVisualStudioVersion = 10.0.40219.1
Project("{8BC9CEB8-8B4A-11D0-8D11-00A0C91BC942}") = "MFCApplication8", "MFCApplication8\MFCApplication8.vcxproj", "{3A47983F-758A-4300-BD75-47A34DAFE08F}"
EndProject
Global
	GlobalSection(SolutionConfigurationPlatforms) = preSolution
		Debug|x64 = Debug|x64
		Debug|x86 = Debug|x86
		Release|x64 = Release|x64
		Release|x86 = Release|x86
	EndGlobalSection
	GlobalSection(ProjectConfigurationPlatforms) = postSolution
		{3A47983F-758A-4300-BD75-47A34DAFE08F}.Debug|x64.ActiveCfg = Debug|x64
		{3A47983F-758A-4300-BD75-47A34DAFE08F}.Debug|x64.Build.0 = Debug|x64
		{3A47983F-758A-4300-BD75-47A34DAFE08F}.Debug|x86.ActiveCfg = Debug|Win32
		{3A47983F-758A-4300-BD75-47A34DAFE08F}.Debug|x86.Build.0 = Debug|Win32
		{3A47983F-758A-4300-BD75-47A34DAFE08F}.Release|x64.ActiveCfg = Release|x64
		{3A47983F-758A-4300-BD75-47A34DAFE08F}.Release|x64.Build.0 = Release|x64
		{3A47983F-758A-4300-BD75-47A34DAFE08F}.Release|x86.ActiveCfg = Release|Win32
		{3A47983F-758A-4300-BD75-47A34DAFE08F}.Release|x86.Build.0 = Release|Win32
	EndGlobalSection
	GlobalSection(SolutionProperties) = preSolution
		HideSolutionNode = FALSE
	EndGlobalSection
	GlobalSection(ExtensibilityGlobals) = postSolution
		SolutionGuid = {5A6D1CC5-F857-464D-A94E-61E3B6FC9AB4}
	EndGlobalSection
EndGlobal
